// !$*UTF8*$!
{
	archiveVersion = 1;
	classes = {
	};
	objectVersion = 46;
	objects = {

/* Begin PBXBuildFile section */
		DB70B8CE1C9389EA0065CC4D /* AppDelegate.swift in Sources */ = {isa = PBXBuildFile; fileRef = DB70B8CD1C9389EA0065CC4D /* AppDelegate.swift */; };
		DB70B8D01C9389EA0065CC4D /* ViewController.swift in Sources */ = {isa = PBXBuildFile; fileRef = DB70B8CF1C9389EA0065CC4D /* ViewController.swift */; };
		DB70B8D31C9389EA0065CC4D /* Main.storyboard in Resources */ = {isa = PBXBuildFile; fileRef = DB70B8D11C9389EA0065CC4D /* Main.storyboard */; };
		DB70B8D51C9389EA0065CC4D /* Assets.xcassets in Resources */ = {isa = PBXBuildFile; fileRef = DB70B8D41C9389EA0065CC4D /* Assets.xcassets */; };
		DB70B8D81C9389EA0065CC4D /* LaunchScreen.storyboard in Resources */ = {isa = PBXBuildFile; fileRef = DB70B8D61C9389EA0065CC4D /* LaunchScreen.storyboard */; };
		DB70B8E31C9389EA0065CC4D /* PolyRidesTests.swift in Sources */ = {isa = PBXBuildFile; fileRef = DB70B8E21C9389EA0065CC4D /* PolyRidesTests.swift */; };
		DB70B8EE1C9389EA0065CC4D /* PolyRidesUITests.swift in Sources */ = {isa = PBXBuildFile; fileRef = DB70B8ED1C9389EA0065CC4D /* PolyRidesUITests.swift */; };
/* End PBXBuildFile section */

/* Begin PBXContainerItemProxy section */
		DB70B8DF1C9389EA0065CC4D /* PBXContainerItemProxy */ = {
			isa = PBXContainerItemProxy;
			containerPortal = DB70B8C21C9389EA0065CC4D /* Project object */;
			proxyType = 1;
			remoteGlobalIDString = DB70B8C91C9389EA0065CC4D;
			remoteInfo = PolyRides;
		};
		DB70B8EA1C9389EA0065CC4D /* PBXContainerItemProxy */ = {
			isa = PBXContainerItemProxy;
			containerPortal = DB70B8C21C9389EA0065CC4D /* Project object */;
			proxyType = 1;
			remoteGlobalIDString = DB70B8C91C9389EA0065CC4D;
			remoteInfo = PolyRides;
		};
/* End PBXContainerItemProxy section */

/* Begin PBXFileReference section */
		DB70B8CA1C9389EA0065CC4D /* PolyRides.app */ = {isa = PBXFileReference; explicitFileType = wrapper.application; includeInIndex = 0; path = PolyRides.app; sourceTree = BUILT_PRODUCTS_DIR; };
		DB70B8CD1C9389EA0065CC4D /* AppDelegate.swift */ = {isa = PBXFileReference; lastKnownFileType = sourcecode.swift; path = AppDelegate.swift; sourceTree = "<group>"; };
		DB70B8CF1C9389EA0065CC4D /* ViewController.swift */ = {isa = PBXFileReference; lastKnownFileType = sourcecode.swift; path = ViewController.swift; sourceTree = "<group>"; };
		DB70B8D21C9389EA0065CC4D /* Base */ = {isa = PBXFileReference; lastKnownFileType = file.storyboard; name = Base; path = Base.lproj/Main.storyboard; sourceTree = "<group>"; };
		DB70B8D41C9389EA0065CC4D /* Assets.xcassets */ = {isa = PBXFileReference; lastKnownFileType = folder.assetcatalog; path = Assets.xcassets; sourceTree = "<group>"; };
		DB70B8D71C9389EA0065CC4D /* Base */ = {isa = PBXFileReference; lastKnownFileType = file.storyboard; name = Base; path = Base.lproj/LaunchScreen.storyboard; sourceTree = "<group>"; };
		DB70B8D91C9389EA0065CC4D /* Info.plist */ = {isa = PBXFileReference; lastKnownFileType = text.plist.xml; path = Info.plist; sourceTree = "<group>"; };
		DB70B8DE1C9389EA0065CC4D /* PolyRidesTests.xctest */ = {isa = PBXFileReference; explicitFileType = wrapper.cfbundle; includeInIndex = 0; path = PolyRidesTests.xctest; sourceTree = BUILT_PRODUCTS_DIR; };
		DB70B8E21C9389EA0065CC4D /* PolyRidesTests.swift */ = {isa = PBXFileReference; lastKnownFileType = sourcecode.swift; path = PolyRidesTests.swift; sourceTree = "<group>"; };
		DB70B8E41C9389EA0065CC4D /* Info.plist */ = {isa = PBXFileReference; lastKnownFileType = text.plist.xml; path = Info.plist; sourceTree = "<group>"; };
		DB70B8E91C9389EA0065CC4D /* PolyRidesUITests.xctest */ = {isa = PBXFileReference; explicitFileType = wrapper.cfbundle; includeInIndex = 0; path = PolyRidesUITests.xctest; sourceTree = BUILT_PRODUCTS_DIR; };
		DB70B8ED1C9389EA0065CC4D /* PolyRidesUITests.swift */ = {isa = PBXFileReference; lastKnownFileType = sourcecode.swift; path = PolyRidesUITests.swift; sourceTree = "<group>"; };
		DB70B8EF1C9389EA0065CC4D /* Info.plist */ = {isa = PBXFileReference; lastKnownFileType = text.plist.xml; path = Info.plist; sourceTree = "<group>"; };
/* End PBXFileReference section */

/* Begin PBXFrameworksBuildPhase section */
		DB70B8C71C9389EA0065CC4D /* Frameworks */ = {
			isa = PBXFrameworksBuildPhase;
			buildActionMask = 2147483647;
			files = (
			);
			runOnlyForDeploymentPostprocessing = 0;
		};
		DB70B8DB1C9389EA0065CC4D /* Frameworks */ = {
			isa = PBXFrameworksBuildPhase;
			buildActionMask = 2147483647;
			files = (
			);
			runOnlyForDeploymentPostprocessing = 0;
		};
		DB70B8E61C9389EA0065CC4D /* Frameworks */ = {
			isa = PBXFrameworksBuildPhase;
			buildActionMask = 2147483647;
			files = (
			);
			runOnlyForDeploymentPostprocessing = 0;
		};
/* End PBXFrameworksBuildPhase section */

/* Begin PBXGroup section */
		DB70B8C11C9389EA0065CC4D = {
			isa = PBXGroup;
			children = (
				DB70B8CC1C9389EA0065CC4D /* PolyRides */,
				DB70B8E11C9389EA0065CC4D /* PolyRidesTests */,
				DB70B8EC1C9389EA0065CC4D /* PolyRidesUITests */,
				DB70B8CB1C9389EA0065CC4D /* Products */,
			);
			sourceTree = "<group>";
		};
		DB70B8CB1C9389EA0065CC4D /* Products */ = {
			isa = PBXGroup;
			children = (
				DB70B8CA1C9389EA0065CC4D /* PolyRides.app */,
				DB70B8DE1C9389EA0065CC4D /* PolyRidesTests.xctest */,
				DB70B8E91C9389EA0065CC4D /* PolyRidesUITests.xctest */,
			);
			name = Products;
			sourceTree = "<group>";
		};
		DB70B8CC1C9389EA0065CC4D /* PolyRides */ = {
			isa = PBXGroup;
			children = (
				DB70B8CD1C9389EA0065CC4D /* AppDelegate.swift */,
				DB70B8CF1C9389EA0065CC4D /* ViewController.swift */,
				DB70B8D11C9389EA0065CC4D /* Main.storyboard */,
				DB70B8D41C9389EA0065CC4D /* Assets.xcassets */,
				DB70B8D61C9389EA0065CC4D /* LaunchScreen.storyboard */,
				DB70B8D91C9389EA0065CC4D /* Info.plist */,
			);
			path = PolyRides;
			sourceTree = "<group>";
		};
		DB70B8E11C9389EA0065CC4D /* PolyRidesTests */ = {
			isa = PBXGroup;
			children = (
				DB70B8E21C9389EA0065CC4D /* PolyRidesTests.swift */,
				DB70B8E41C9389EA0065CC4D /* Info.plist */,
			);
			path = PolyRidesTests;
			sourceTree = "<group>";
		};
		DB70B8EC1C9389EA0065CC4D /* PolyRidesUITests */ = {
			isa = PBXGroup;
			children = (
				DB70B8ED1C9389EA0065CC4D /* PolyRidesUITests.swift */,
				DB70B8EF1C9389EA0065CC4D /* Info.plist */,
			);
			path = PolyRidesUITests;
			sourceTree = "<group>";
		};
/* End PBXGroup section */

/* Begin PBXNativeTarget section */
		DB70B8C91C9389EA0065CC4D /* PolyRides */ = {
			isa = PBXNativeTarget;
			buildConfigurationList = DB70B8F21C9389EA0065CC4D /* Build configuration list for PBXNativeTarget "PolyRides" */;
			buildPhases = (
				DB70B8C61C9389EA0065CC4D /* Sources */,
				DB70B8C71C9389EA0065CC4D /* Frameworks */,
				DB70B8C81C9389EA0065CC4D /* Resources */,
			);
			buildRules = (
			);
			dependencies = (
			);
			name = PolyRides;
			productName = PolyRides;
			productReference = DB70B8CA1C9389EA0065CC4D /* PolyRides.app */;
			productType = "com.apple.product-type.application";
		};
		DB70B8DD1C9389EA0065CC4D /* PolyRidesTests */ = {
			isa = PBXNativeTarget;
			buildConfigurationList = DB70B8F51C9389EA0065CC4D /* Build configuration list for PBXNativeTarget "PolyRidesTests" */;
			buildPhases = (
				DB70B8DA1C9389EA0065CC4D /* Sources */,
				DB70B8DB1C9389EA0065CC4D /* Frameworks */,
				DB70B8DC1C9389EA0065CC4D /* Resources */,
			);
			buildRules = (
			);
			dependencies = (
				DB70B8E01C9389EA0065CC4D /* PBXTargetDependency */,
			);
			name = PolyRidesTests;
			productName = PolyRidesTests;
			productReference = DB70B8DE1C9389EA0065CC4D /* PolyRidesTests.xctest */;
			productType = "com.apple.product-type.bundle.unit-test";
		};
		DB70B8E81C9389EA0065CC4D /* PolyRidesUITests */ = {
			isa = PBXNativeTarget;
			buildConfigurationList = DB70B8F81C9389EA0065CC4D /* Build configuration list for PBXNativeTarget "PolyRidesUITests" */;
			buildPhases = (
				DB70B8E51C9389EA0065CC4D /* Sources */,
				DB70B8E61C9389EA0065CC4D /* Frameworks */,
				DB70B8E71C9389EA0065CC4D /* Resources */,
			);
			buildRules = (
			);
			dependencies = (
				DB70B8EB1C9389EA0065CC4D /* PBXTargetDependency */,
			);
			name = PolyRidesUITests;
			productName = PolyRidesUITests;
			productReference = DB70B8E91C9389EA0065CC4D /* PolyRidesUITests.xctest */;
			productType = "com.apple.product-type.bundle.ui-testing";
		};
/* End PBXNativeTarget section */

/* Begin PBXProject section */
		DB70B8C21C9389EA0065CC4D /* Project object */ = {
			isa = PBXProject;
			attributes = {
				LastSwiftUpdateCheck = 0720;
				LastUpgradeCheck = 0720;
				ORGANIZATIONNAME = "Vanessa Forney";
				TargetAttributes = {
					DB70B8C91C9389EA0065CC4D = {
						CreatedOnToolsVersion = 7.2.1;
					};
					DB70B8DD1C9389EA0065CC4D = {
						CreatedOnToolsVersion = 7.2.1;
						TestTargetID = DB70B8C91C9389EA0065CC4D;
					};
					DB70B8E81C9389EA0065CC4D = {
						CreatedOnToolsVersion = 7.2.1;
						TestTargetID = DB70B8C91C9389EA0065CC4D;
					};
				};
			};
			buildConfigurationList = DB70B8C51C9389EA0065CC4D /* Build configuration list for PBXProject "PolyRides" */;
			compatibilityVersion = "Xcode 3.2";
			developmentRegion = English;
			hasScannedForEncodings = 0;
			knownRegions = (
				en,
				Base,
			);
			mainGroup = DB70B8C11C9389EA0065CC4D;
			productRefGroup = DB70B8CB1C9389EA0065CC4D /* Products */;
			projectDirPath = "";
			projectRoot = "";
			targets = (
				DB70B8C91C9389EA0065CC4D /* PolyRides */,
				DB70B8DD1C9389EA0065CC4D /* PolyRidesTests */,
				DB70B8E81C9389EA0065CC4D /* PolyRidesUITests */,
			);
		};
/* End PBXProject section */

/* Begin PBXResourcesBuildPhase section */
		DB70B8C81C9389EA0065CC4D /* Resources */ = {
			isa = PBXResourcesBuildPhase;
			buildActionMask = 2147483647;
			files = (
				DB70B8D81C9389EA0065CC4D /* LaunchScreen.storyboard in Resources */,
				DB70B8D51C9389EA0065CC4D /* Assets.xcassets in Resources */,
				DB70B8D31C9389EA0065CC4D /* Main.storyboard in Resources */,
			);
			runOnlyForDeploymentPostprocessing = 0;
		};
		DB70B8DC1C9389EA0065CC4D /* Resources */ = {
			isa = PBXResourcesBuildPhase;
			buildActionMask = 2147483647;
			files = (
			);
			runOnlyForDeploymentPostprocessing = 0;
		};
		DB70B8E71C9389EA0065CC4D /* Resources */ = {
			isa = PBXResourcesBuildPhase;
			buildActionMask = 2147483647;
			files = (
			);
			runOnlyForDeploymentPostprocessing = 0;
		};
/* End PBXResourcesBuildPhase section */

/* Begin PBXSourcesBuildPhase section */
		DB70B8C61C9389EA0065CC4D /* Sources */ = {
			isa = PBXSourcesBuildPhase;
			buildActionMask = 2147483647;
			files = (
				DB70B8D01C9389EA0065CC4D /* ViewController.swift in Sources */,
				DB70B8CE1C9389EA0065CC4D /* AppDelegate.swift in Sources */,
			);
			runOnlyForDeploymentPostprocessing = 0;
		};
		DB70B8DA1C9389EA0065CC4D /* Sources */ = {
			isa = PBXSourcesBuildPhase;
			buildActionMask = 2147483647;
			files = (
				DB70B8E31C9389EA0065CC4D /* PolyRidesTests.swift in Sources */,
			);
			runOnlyForDeploymentPostprocessing = 0;
		};
		DB70B8E51C9389EA0065CC4D /* Sources */ = {
			isa = PBXSourcesBuildPhase;
			buildActionMask = 2147483647;
			files = (
				DB70B8EE1C9389EA0065CC4D /* PolyRidesUITests.swift in Sources */,
			);
			runOnlyForDeploymentPostprocessing = 0;
		};
/* End PBXSourcesBuildPhase section */

/* Begin PBXTargetDependency section */
		DB70B8E01C9389EA0065CC4D /* PBXTargetDependency */ = {
			isa = PBXTargetDependency;
			target = DB70B8C91C9389EA0065CC4D /* PolyRides */;
			targetProxy = DB70B8DF1C9389EA0065CC4D /* PBXContainerItemProxy */;
		};
		DB70B8EB1C9389EA0065CC4D /* PBXTargetDependency */ = {
			isa = PBXTargetDependency;
			target = DB70B8C91C9389EA0065CC4D /* PolyRides */;
			targetProxy = DB70B8EA1C9389EA0065CC4D /* PBXContainerItemProxy */;
		};
/* End PBXTargetDependency section */

/* Begin PBXVariantGroup section */
		DB70B8D11C9389EA0065CC4D /* Main.storyboard */ = {
			isa = PBXVariantGroup;
			children = (
				DB70B8D21C9389EA0065CC4D /* Base */,
			);
			name = Main.storyboard;
			sourceTree = "<group>";
		};
		DB70B8D61C9389EA0065CC4D /* LaunchScreen.storyboard */ = {
			isa = PBXVariantGroup;
			children = (
				DB70B8D71C9389EA0065CC4D /* Base */,
			);
			name = LaunchScreen.storyboard;
			sourceTree = "<group>";
		};
/* End PBXVariantGroup section */

/* Begin XCBuildConfiguration section */
		DB70B8F01C9389EA0065CC4D /* Debug */ = {
			isa = XCBuildConfiguration;
			buildSettings = {
				ALWAYS_SEARCH_USER_PATHS = NO;
				CLANG_CXX_LANGUAGE_STANDARD = "gnu++0x";
				CLANG_CXX_LIBRARY = "libc++";
				CLANG_ENABLE_MODULES = YES;
				CLANG_ENABLE_OBJC_ARC = YES;
				CLANG_WARN_BOOL_CONVERSION = YES;
				CLANG_WARN_CONSTANT_CONVERSION = YES;
				CLANG_WARN_DIRECT_OBJC_ISA_USAGE = YES_ERROR;
				CLANG_WARN_EMPTY_BODY = YES;
				CLANG_WARN_ENUM_CONVERSION = YES;
				CLANG_WARN_INT_CONVERSION = YES;
				CLANG_WARN_OBJC_ROOT_CLASS = YES_ERROR;
				CLANG_WARN_UNREACHABLE_CODE = YES;
				CLANG_WARN__DUPLICATE_METHOD_MATCH = YES;
				"CODE_SIGN_IDENTITY[sdk=iphoneos*]" = "iPhone Developer";
				COPY_PHASE_STRIP = NO;
				DEBUG_INFORMATION_FORMAT = dwarf;
				ENABLE_STRICT_OBJC_MSGSEND = YES;
				ENABLE_TESTABILITY = YES;
				GCC_C_LANGUAGE_STANDARD = gnu99;
				GCC_DYNAMIC_NO_PIC = NO;
				GCC_NO_COMMON_BLOCKS = YES;
				GCC_OPTIMIZATION_LEVEL = 0;
				GCC_PREPROCESSOR_DEFINITIONS = (
					"DEBUG=1",
					"$(inherited)",
				);
				GCC_WARN_64_TO_32_BIT_CONVERSION = YES;
				GCC_WARN_ABOUT_RETURN_TYPE = YES_ERROR;
				GCC_WARN_UNDECLARED_SELECTOR = YES;
				GCC_WARN_UNINITIALIZED_AUTOS = YES_AGGRESSIVE;
				GCC_WARN_UNUSED_FUNCTION = YES;
				GCC_WARN_UNUSED_VARIABLE = YES;
				IPHONEOS_DEPLOYMENT_TARGET = 9.2;
				MTL_ENABLE_DEBUG_INFO = YES;
				ONLY_ACTIVE_ARCH = YES;
				SDKROOT = iphoneos;
				SWIFT_OPTIMIZATION_LEVEL = "-Onone";
				TARGETED_DEVICE_FAMILY = "1,2";
			};
			name = Debug;
		};
		DB70B8F11C9389EA0065CC4D /* Release */ = {
			isa = XCBuildConfiguration;
			buildSettings = {
				ALWAYS_SEARCH_USER_PATHS = NO;
				CLANG_CXX_LANGUAGE_STANDARD = "gnu++0x";
				CLANG_CXX_LIBRARY = "libc++";
				CLANG_ENABLE_MODULES = YES;
				CLANG_ENABLE_OBJC_ARC = YES;
				CLANG_WARN_BOOL_CONVERSION = YES;
				CLANG_WARN_CONSTANT_CONVERSION = YES;
				CLANG_WARN_DIRECT_OBJC_ISA_USAGE = YES_ERROR;
				CLANG_WARN_EMPTY_BODY = YES;
				CLANG_WARN_ENUM_CONVERSION = YES;
				CLANG_WARN_INT_CONVERSION = YES;
				CLANG_WARN_OBJC_ROOT_CLASS = YES_ERROR;
				CLANG_WARN_UNREACHABLE_CODE = YES;
				CLANG_WARN__DUPLICATE_METHOD_MATCH = YES;
				"CODE_SIGN_IDENTITY[sdk=iphoneos*]" = "iPhone Developer";
				COPY_PHASE_STRIP = NO;
				DEBUG_INFORMATION_FORMAT = "dwarf-with-dsym";
				ENABLE_NS_ASSERTIONS = NO;
				ENABLE_STRICT_OBJC_MSGSEND = YES;
				GCC_C_LANGUAGE_STANDARD = gnu99;
				GCC_NO_COMMON_BLOCKS = YES;
				GCC_WARN_64_TO_32_BIT_CONVERSION = YES;
				GCC_WARN_ABOUT_RETURN_TYPE = YES_ERROR;
				GCC_WARN_UNDECLARED_SELECTOR = YES;
				GCC_WARN_UNINITIALIZED_AUTOS = YES_AGGRESSIVE;
				GCC_WARN_UNUSED_FUNCTION = YES;
				GCC_WARN_UNUSED_VARIABLE = YES;
				IPHONEOS_DEPLOYMENT_TARGET = 9.2;
				MTL_ENABLE_DEBUG_INFO = NO;
				SDKROOT = iphoneos;
				TARGETED_DEVICE_FAMILY = "1,2";
				VALIDATE_PRODUCT = YES;
			};
			name = Release;
		};
		DB70B8F31C9389EA0065CC4D /* Debug */ = {
			isa = XCBuildConfiguration;
			buildSettings = {
				ASSETCATALOG_COMPILER_APPICON_NAME = AppIcon;
				INFOPLIST_FILE = PolyRides/Info.plist;
				LD_RUNPATH_SEARCH_PATHS = "$(inherited) @executable_path/Frameworks";
				PRODUCT_BUNDLE_IDENTIFIER = com.Vanessa.PolyRides;
				PRODUCT_NAME = "$(TARGET_NAME)";
			};
			name = Debug;
		};
		DB70B8F41C9389EA0065CC4D /* Release */ = {
			isa = XCBuildConfiguration;
			buildSettings = {
				ASSETCATALOG_COMPILER_APPICON_NAME = AppIcon;
				INFOPLIST_FILE = PolyRides/Info.plist;
				LD_RUNPATH_SEARCH_PATHS = "$(inherited) @executable_path/Frameworks";
				PRODUCT_BUNDLE_IDENTIFIER = com.Vanessa.PolyRides;
				PRODUCT_NAME = "$(TARGET_NAME)";
			};
			name = Release;
		};
		DB70B8F61C9389EA0065CC4D /* Debug */ = {
			isa = XCBuildConfiguration;
			buildSettings = {
				BUNDLE_LOADER = "$(TEST_HOST)";
				INFOPLIST_FILE = PolyRidesTests/Info.plist;
				LD_RUNPATH_SEARCH_PATHS = "$(inherited) @executable_path/Frameworks @loader_path/Frameworks";
				PRODUCT_BUNDLE_IDENTIFIER = com.Vanessa.PolyRidesTests;
				PRODUCT_NAME = "$(TARGET_NAME)";
				TEST_HOST = "$(BUILT_PRODUCTS_DIR)/PolyRides.app/PolyRides";
			};
			name = Debug;
		};
		DB70B8F71C9389EA0065CC4D /* Release */ = {
			isa = XCBuildConfiguration;
			buildSettings = {
				BUNDLE_LOADER = "$(TEST_HOST)";
				INFOPLIST_FILE = PolyRidesTests/Info.plist;
				LD_RUNPATH_SEARCH_PATHS = "$(inherited) @executable_path/Frameworks @loader_path/Frameworks";
				PRODUCT_BUNDLE_IDENTIFIER = com.Vanessa.PolyRidesTests;
				PRODUCT_NAME = "$(TARGET_NAME)";
				TEST_HOST = "$(BUILT_PRODUCTS_DIR)/PolyRides.app/PolyRides";
			};
			name = Release;
		};
		DB70B8F91C9389EA0065CC4D /* Debug */ = {
			isa = XCBuildConfiguration;
			buildSettings = {
				INFOPLIST_FILE = PolyRidesUITests/Info.plist;
				LD_RUNPATH_SEARCH_PATHS = "$(inherited) @executable_path/Frameworks @loader_path/Frameworks";
				PRODUCT_BUNDLE_IDENTIFIER = com.Vanessa.PolyRidesUITests;
				PRODUCT_NAME = "$(TARGET_NAME)";
				TEST_TARGET_NAME = PolyRides;
				USES_XCTRUNNER = YES;
			};
			name = Debug;
		};
		DB70B8FA1C9389EA0065CC4D /* Release */ = {
			isa = XCBuildConfiguration;
			buildSettings = {
				INFOPLIST_FILE = PolyRidesUITests/Info.plist;
				LD_RUNPATH_SEARCH_PATHS = "$(inherited) @executable_path/Frameworks @loader_path/Frameworks";
				PRODUCT_BUNDLE_IDENTIFIER = com.Vanessa.PolyRidesUITests;
				PRODUCT_NAME = "$(TARGET_NAME)";
				TEST_TARGET_NAME = PolyRides;
				USES_XCTRUNNER = YES;
			};
			name = Release;
		};
/* End XCBuildConfiguration section */

/* Begin XCConfigurationList section */
		DB70B8C51C9389EA0065CC4D /* Build configuration list for PBXProject "PolyRides" */ = {
			isa = XCConfigurationList;
			buildConfigurations = (
				DB70B8F01C9389EA0065CC4D /* Debug */,
				DB70B8F11C9389EA0065CC4D /* Release */,
			);
			defaultConfigurationIsVisible = 0;
			defaultConfigurationName = Release;
		};
		DB70B8F21C9389EA0065CC4D /* Build configuration list for PBXNativeTarget "PolyRides" */ = {
			isa = XCConfigurationList;
			buildConfigurations = (
				DB70B8F31C9389EA0065CC4D /* Debug */,
				DB70B8F41C9389EA0065CC4D /* Release */,
			);
			defaultConfigurationIsVisible = 0;
		};
		DB70B8F51C9389EA0065CC4D /* Build configuration list for PBXNativeTarget "PolyRidesTests" */ = {
			isa = XCConfigurationList;
			buildConfigurations = (
				DB70B8F61C9389EA0065CC4D /* Debug */,
				DB70B8F71C9389EA0065CC4D /* Release */,
			);
			defaultConfigurationIsVisible = 0;
		};
		DB70B8F81C9389EA0065CC4D /* Build configuration list for PBXNativeTarget "PolyRidesUITests" */ = {
			isa = XCConfigurationList;
			buildConfigurations = (
				DB70B8F91C9389EA0065CC4D /* Debug */,
				DB70B8FA1C9389EA0065CC4D /* Release */,
			);
			defaultConfigurationIsVisible = 0;
		};
/* End XCConfigurationList section */
	};
	rootObject = DB70B8C21C9389EA0065CC4D /* Project object */;
}
