// !$*UTF8*$!
{
	archiveVersion = 1;
	classes = {
	};
	objectVersion = 46;
	objects = {

/* Begin PBXBuildFile section */
		8F32E580C33AC6C26F5C4050 /* Pods_PolyRides.framework in Frameworks */ = {isa = PBXBuildFile; fileRef = B472AC953EC1C3E0C19CECA0 /* Pods_PolyRides.framework */; };
		DB4151001C9A74500062E5A0 /* RidesViewController.swift in Sources */ = {isa = PBXBuildFile; fileRef = DB4150FF1C9A74500062E5A0 /* RidesViewController.swift */; };
		DB4151041C9B05340062E5A0 /* AddRideViewController.swift in Sources */ = {isa = PBXBuildFile; fileRef = DB4151031C9B05340062E5A0 /* AddRideViewController.swift */; };
		DB70B8CE1C9389EA0065CC4D /* AppDelegate.swift in Sources */ = {isa = PBXBuildFile; fileRef = DB70B8CD1C9389EA0065CC4D /* AppDelegate.swift */; };
		DB70B8D01C9389EA0065CC4D /* MainLoginViewController.swift in Sources */ = {isa = PBXBuildFile; fileRef = DB70B8CF1C9389EA0065CC4D /* MainLoginViewController.swift */; };
		DB70B8D51C9389EA0065CC4D /* Assets.xcassets in Resources */ = {isa = PBXBuildFile; fileRef = DB70B8D41C9389EA0065CC4D /* Assets.xcassets */; };
		DB70B8E31C9389EA0065CC4D /* PolyRidesTests.swift in Sources */ = {isa = PBXBuildFile; fileRef = DB70B8E21C9389EA0065CC4D /* PolyRidesTests.swift */; };
		DB70B8EE1C9389EA0065CC4D /* PolyRidesUITests.swift in Sources */ = {isa = PBXBuildFile; fileRef = DB70B8ED1C9389EA0065CC4D /* PolyRidesUITests.swift */; };
		DB70B9021C938B230065CC4D /* User.swift in Sources */ = {isa = PBXBuildFile; fileRef = DB70B9011C938B230065CC4D /* User.swift */; };
		DB70B9051C938CDC0065CC4D /* LaunchScreen.storyboard in Resources */ = {isa = PBXBuildFile; fileRef = DB70B9031C938CDC0065CC4D /* LaunchScreen.storyboard */; };
		DB70B9061C938CDC0065CC4D /* Login.storyboard in Resources */ = {isa = PBXBuildFile; fileRef = DB70B9041C938CDC0065CC4D /* Login.storyboard */; };
		DB70B9081C938F540065CC4D /* GoogleService-Info.plist in Resources */ = {isa = PBXBuildFile; fileRef = DB70B9071C938F540065CC4D /* GoogleService-Info.plist */; };
		DB747AB31C98D28A00A24F58 /* Search.storyboard in Resources */ = {isa = PBXBuildFile; fileRef = DB747AB21C98D28A00A24F58 /* Search.storyboard */; };
		DB747AB61C98D76900A24F58 /* Rides.storyboard in Resources */ = {isa = PBXBuildFile; fileRef = DB747AB51C98D76900A24F58 /* Rides.storyboard */; };
		DB747AB81C98D79500A24F58 /* Messages.storyboard in Resources */ = {isa = PBXBuildFile; fileRef = DB747AB71C98D79500A24F58 /* Messages.storyboard */; };
		DB747ABA1C98D79E00A24F58 /* Profile.storyboard in Resources */ = {isa = PBXBuildFile; fileRef = DB747AB91C98D79E00A24F58 /* Profile.storyboard */; };
		DB747ABC1C98DB2D00A24F58 /* TabBarController.swift in Sources */ = {isa = PBXBuildFile; fileRef = DB747ABB1C98DB2D00A24F58 /* TabBarController.swift */; };
		DB956DD81C96833700809B4C /* FirebaseConnection.swift in Sources */ = {isa = PBXBuildFile; fileRef = DB956DD71C96833700809B4C /* FirebaseConnection.swift */; };
		DBAB56801C968FAA0011167A /* UIViewControllerExtensions.swift in Sources */ = {isa = PBXBuildFile; fileRef = DBAB567F1C968FAA0011167A /* UIViewControllerExtensions.swift */; };
		DBAB56871C96B0F10011167A /* SearchTableViewController.swift in Sources */ = {isa = PBXBuildFile; fileRef = DBAB56861C96B0F10011167A /* SearchTableViewController.swift */; };
		DBAB56911C96C5270011167A /* Main.storyboard in Resources */ = {isa = PBXBuildFile; fileRef = DBAB56901C96C5270011167A /* Main.storyboard */; };
		DBAB56931C96C6300011167A /* LoginViewController.swift in Sources */ = {isa = PBXBuildFile; fileRef = DBAB56921C96C6300011167A /* LoginViewController.swift */; };
		DBAB56951C9738870011167A /* UITextFieldExtensions.swift in Sources */ = {isa = PBXBuildFile; fileRef = DBAB56941C9738870011167A /* UITextFieldExtensions.swift */; };
		DBB1558C1C9B76C500118F89 /* DateHelper.swift in Sources */ = {isa = PBXBuildFile; fileRef = DBB1558B1C9B76C500118F89 /* DateHelper.swift */; };
		DBBBD1351C9DB6940085E3B9 /* AutocompleteHelper.swift in Sources */ = {isa = PBXBuildFile; fileRef = DBBBD1341C9DB6940085E3B9 /* AutocompleteHelper.swift */; };
		DBBBD1371C9DBC720085E3B9 /* Autocomplete.storyboard in Resources */ = {isa = PBXBuildFile; fileRef = DBBBD1361C9DBC720085E3B9 /* Autocomplete.storyboard */; };
		DBBBD1391C9DC4D90085E3B9 /* AutocompleteViewController.swift in Sources */ = {isa = PBXBuildFile; fileRef = DBBBD1381C9DC4D90085E3B9 /* AutocompleteViewController.swift */; };
		DBF5E6DB1C93A66600693807 /* GoogleAnalyticsHelper.swift in Sources */ = {isa = PBXBuildFile; fileRef = DBF5E6DA1C93A66600693807 /* GoogleAnalyticsHelper.swift */; };
		DBF5E6F01C963D3A00693807 /* ResetPasswordViewController.swift in Sources */ = {isa = PBXBuildFile; fileRef = DBF5E6EF1C963D3A00693807 /* ResetPasswordViewController.swift */; };
		DBF5E6F21C963D6400693807 /* CreateAccountViewController.swift in Sources */ = {isa = PBXBuildFile; fileRef = DBF5E6F11C963D6400693807 /* CreateAccountViewController.swift */; };
		DBF5E6F51C96719400693807 /* EmailAccountViewController.swift in Sources */ = {isa = PBXBuildFile; fileRef = DBF5E6F41C96719400693807 /* EmailAccountViewController.swift */; };
/* End PBXBuildFile section */

/* Begin PBXContainerItemProxy section */
		DB70B8DF1C9389EA0065CC4D /* PBXContainerItemProxy */ = {
			isa = PBXContainerItemProxy;
			containerPortal = DB70B8C21C9389EA0065CC4D /* Project object */;
			proxyType = 1;
			remoteGlobalIDString = DB70B8C91C9389EA0065CC4D;
			remoteInfo = PolyRides;
		};
		DB70B8EA1C9389EA0065CC4D /* PBXContainerItemProxy */ = {
			isa = PBXContainerItemProxy;
			containerPortal = DB70B8C21C9389EA0065CC4D /* Project object */;
			proxyType = 1;
			remoteGlobalIDString = DB70B8C91C9389EA0065CC4D;
			remoteInfo = PolyRides;
		};
/* End PBXContainerItemProxy section */

/* Begin PBXCopyFilesBuildPhase section */
		DB793EB61C9C981C001BB0EE /* Embed Frameworks */ = {
			isa = PBXCopyFilesBuildPhase;
			buildActionMask = 2147483647;
			dstPath = "";
			dstSubfolderSpec = 10;
			files = (
			);
			name = "Embed Frameworks";
			runOnlyForDeploymentPostprocessing = 0;
		};
/* End PBXCopyFilesBuildPhase section */

/* Begin PBXFileReference section */
		2241301BA6D0CFD44D162D7E /* Pods-PolyRides.release.xcconfig */ = {isa = PBXFileReference; includeInIndex = 1; lastKnownFileType = text.xcconfig; name = "Pods-PolyRides.release.xcconfig"; path = "Pods/Target Support Files/Pods-PolyRides/Pods-PolyRides.release.xcconfig"; sourceTree = "<group>"; };
		B472AC953EC1C3E0C19CECA0 /* Pods_PolyRides.framework */ = {isa = PBXFileReference; explicitFileType = wrapper.framework; includeInIndex = 0; path = Pods_PolyRides.framework; sourceTree = BUILT_PRODUCTS_DIR; };
		CC61BB155FFE8FE24FA32C81 /* Pods-PolyRides.debug.xcconfig */ = {isa = PBXFileReference; includeInIndex = 1; lastKnownFileType = text.xcconfig; name = "Pods-PolyRides.debug.xcconfig"; path = "Pods/Target Support Files/Pods-PolyRides/Pods-PolyRides.debug.xcconfig"; sourceTree = "<group>"; };
		DB4150FF1C9A74500062E5A0 /* RidesViewController.swift */ = {isa = PBXFileReference; fileEncoding = 4; lastKnownFileType = sourcecode.swift; path = RidesViewController.swift; sourceTree = "<group>"; };
		DB4151031C9B05340062E5A0 /* AddRideViewController.swift */ = {isa = PBXFileReference; fileEncoding = 4; lastKnownFileType = sourcecode.swift; path = AddRideViewController.swift; sourceTree = "<group>"; };
		DB70B8CA1C9389EA0065CC4D /* PolyRides.app */ = {isa = PBXFileReference; explicitFileType = wrapper.application; includeInIndex = 0; path = PolyRides.app; sourceTree = BUILT_PRODUCTS_DIR; };
		DB70B8CD1C9389EA0065CC4D /* AppDelegate.swift */ = {isa = PBXFileReference; lastKnownFileType = sourcecode.swift; path = AppDelegate.swift; sourceTree = "<group>"; };
		DB70B8CF1C9389EA0065CC4D /* MainLoginViewController.swift */ = {isa = PBXFileReference; lastKnownFileType = sourcecode.swift; path = MainLoginViewController.swift; sourceTree = "<group>"; };
		DB70B8D41C9389EA0065CC4D /* Assets.xcassets */ = {isa = PBXFileReference; lastKnownFileType = folder.assetcatalog; path = Assets.xcassets; sourceTree = "<group>"; };
		DB70B8D91C9389EA0065CC4D /* Info.plist */ = {isa = PBXFileReference; lastKnownFileType = text.plist.xml; path = Info.plist; sourceTree = "<group>"; };
		DB70B8DE1C9389EA0065CC4D /* PolyRidesTests.xctest */ = {isa = PBXFileReference; explicitFileType = wrapper.cfbundle; includeInIndex = 0; path = PolyRidesTests.xctest; sourceTree = BUILT_PRODUCTS_DIR; };
		DB70B8E21C9389EA0065CC4D /* PolyRidesTests.swift */ = {isa = PBXFileReference; lastKnownFileType = sourcecode.swift; path = PolyRidesTests.swift; sourceTree = "<group>"; };
		DB70B8E41C9389EA0065CC4D /* Info.plist */ = {isa = PBXFileReference; lastKnownFileType = text.plist.xml; path = Info.plist; sourceTree = "<group>"; };
		DB70B8E91C9389EA0065CC4D /* PolyRidesUITests.xctest */ = {isa = PBXFileReference; explicitFileType = wrapper.cfbundle; includeInIndex = 0; path = PolyRidesUITests.xctest; sourceTree = BUILT_PRODUCTS_DIR; };
		DB70B8ED1C9389EA0065CC4D /* PolyRidesUITests.swift */ = {isa = PBXFileReference; lastKnownFileType = sourcecode.swift; path = PolyRidesUITests.swift; sourceTree = "<group>"; };
		DB70B8EF1C9389EA0065CC4D /* Info.plist */ = {isa = PBXFileReference; lastKnownFileType = text.plist.xml; path = Info.plist; sourceTree = "<group>"; };
		DB70B9011C938B230065CC4D /* User.swift */ = {isa = PBXFileReference; fileEncoding = 4; lastKnownFileType = sourcecode.swift; path = User.swift; sourceTree = "<group>"; };
		DB70B9031C938CDC0065CC4D /* LaunchScreen.storyboard */ = {isa = PBXFileReference; fileEncoding = 4; lastKnownFileType = file.storyboard; path = LaunchScreen.storyboard; sourceTree = "<group>"; };
		DB70B9041C938CDC0065CC4D /* Login.storyboard */ = {isa = PBXFileReference; fileEncoding = 4; lastKnownFileType = file.storyboard; path = Login.storyboard; sourceTree = "<group>"; };
		DB70B9071C938F540065CC4D /* GoogleService-Info.plist */ = {isa = PBXFileReference; fileEncoding = 4; lastKnownFileType = text.plist.xml; path = "GoogleService-Info.plist"; sourceTree = "<group>"; };
		DB70B9091C938F870065CC4D /* PolyRides-Bridging-Header.h */ = {isa = PBXFileReference; lastKnownFileType = sourcecode.c.h; name = "PolyRides-Bridging-Header.h"; path = "../Model/PolyRides-Bridging-Header.h"; sourceTree = "<group>"; };
		DB747AB21C98D28A00A24F58 /* Search.storyboard */ = {isa = PBXFileReference; fileEncoding = 4; lastKnownFileType = file.storyboard; path = Search.storyboard; sourceTree = "<group>"; };
		DB747AB51C98D76900A24F58 /* Rides.storyboard */ = {isa = PBXFileReference; fileEncoding = 4; lastKnownFileType = file.storyboard; path = Rides.storyboard; sourceTree = "<group>"; };
		DB747AB71C98D79500A24F58 /* Messages.storyboard */ = {isa = PBXFileReference; fileEncoding = 4; lastKnownFileType = file.storyboard; path = Messages.storyboard; sourceTree = "<group>"; };
		DB747AB91C98D79E00A24F58 /* Profile.storyboard */ = {isa = PBXFileReference; fileEncoding = 4; lastKnownFileType = file.storyboard; path = Profile.storyboard; sourceTree = "<group>"; };
		DB747ABB1C98DB2D00A24F58 /* TabBarController.swift */ = {isa = PBXFileReference; fileEncoding = 4; lastKnownFileType = sourcecode.swift; path = TabBarController.swift; sourceTree = "<group>"; };
		DB956DD71C96833700809B4C /* FirebaseConnection.swift */ = {isa = PBXFileReference; fileEncoding = 4; lastKnownFileType = sourcecode.swift; name = FirebaseConnection.swift; path = Model/FirebaseConnection.swift; sourceTree = "<group>"; };
		DBAB567F1C968FAA0011167A /* UIViewControllerExtensions.swift */ = {isa = PBXFileReference; fileEncoding = 4; lastKnownFileType = sourcecode.swift; path = UIViewControllerExtensions.swift; sourceTree = "<group>"; };
		DBAB56861C96B0F10011167A /* SearchTableViewController.swift */ = {isa = PBXFileReference; fileEncoding = 4; lastKnownFileType = sourcecode.swift; path = SearchTableViewController.swift; sourceTree = "<group>"; };
		DBAB56901C96C5270011167A /* Main.storyboard */ = {isa = PBXFileReference; fileEncoding = 4; lastKnownFileType = file.storyboard; path = Main.storyboard; sourceTree = "<group>"; };
		DBAB56921C96C6300011167A /* LoginViewController.swift */ = {isa = PBXFileReference; fileEncoding = 4; lastKnownFileType = sourcecode.swift; path = LoginViewController.swift; sourceTree = "<group>"; };
		DBAB56941C9738870011167A /* UITextFieldExtensions.swift */ = {isa = PBXFileReference; fileEncoding = 4; lastKnownFileType = sourcecode.swift; path = UITextFieldExtensions.swift; sourceTree = "<group>"; };
		DBB1558B1C9B76C500118F89 /* DateHelper.swift */ = {isa = PBXFileReference; fileEncoding = 4; lastKnownFileType = sourcecode.swift; path = DateHelper.swift; sourceTree = "<group>"; };
		DBBBD1341C9DB6940085E3B9 /* AutocompleteHelper.swift */ = {isa = PBXFileReference; fileEncoding = 4; lastKnownFileType = sourcecode.swift; path = AutocompleteHelper.swift; sourceTree = "<group>"; };
		DBBBD1361C9DBC720085E3B9 /* Autocomplete.storyboard */ = {isa = PBXFileReference; fileEncoding = 4; lastKnownFileType = file.storyboard; name = Autocomplete.storyboard; path = ../Controller/Autocomplete.storyboard; sourceTree = "<group>"; };
		DBBBD1381C9DC4D90085E3B9 /* AutocompleteViewController.swift */ = {isa = PBXFileReference; fileEncoding = 4; lastKnownFileType = sourcecode.swift; path = AutocompleteViewController.swift; sourceTree = "<group>"; };
		DBF5E6DA1C93A66600693807 /* GoogleAnalyticsHelper.swift */ = {isa = PBXFileReference; fileEncoding = 4; lastKnownFileType = sourcecode.swift; name = GoogleAnalyticsHelper.swift; path = Model/GoogleAnalyticsHelper.swift; sourceTree = "<group>"; };
		DBF5E6EF1C963D3A00693807 /* ResetPasswordViewController.swift */ = {isa = PBXFileReference; fileEncoding = 4; lastKnownFileType = sourcecode.swift; path = ResetPasswordViewController.swift; sourceTree = "<group>"; };
		DBF5E6F11C963D6400693807 /* CreateAccountViewController.swift */ = {isa = PBXFileReference; fileEncoding = 4; lastKnownFileType = sourcecode.swift; path = CreateAccountViewController.swift; sourceTree = "<group>"; };
		DBF5E6F41C96719400693807 /* EmailAccountViewController.swift */ = {isa = PBXFileReference; fileEncoding = 4; lastKnownFileType = sourcecode.swift; path = EmailAccountViewController.swift; sourceTree = "<group>"; };
/* End PBXFileReference section */

/* Begin PBXFrameworksBuildPhase section */
		DB70B8C71C9389EA0065CC4D /* Frameworks */ = {
			isa = PBXFrameworksBuildPhase;
			buildActionMask = 2147483647;
			files = (
				8F32E580C33AC6C26F5C4050 /* Pods_PolyRides.framework in Frameworks */,
			);
			runOnlyForDeploymentPostprocessing = 0;
		};
		DB70B8DB1C9389EA0065CC4D /* Frameworks */ = {
			isa = PBXFrameworksBuildPhase;
			buildActionMask = 2147483647;
			files = (
			);
			runOnlyForDeploymentPostprocessing = 0;
		};
		DB70B8E61C9389EA0065CC4D /* Frameworks */ = {
			isa = PBXFrameworksBuildPhase;
			buildActionMask = 2147483647;
			files = (
			);
			runOnlyForDeploymentPostprocessing = 0;
		};
/* End PBXFrameworksBuildPhase section */

/* Begin PBXGroup section */
		0D09E705A1F8EBAED514426C /* Frameworks */ = {
			isa = PBXGroup;
			children = (
				B472AC953EC1C3E0C19CECA0 /* Pods_PolyRides.framework */,
			);
			name = Frameworks;
			sourceTree = "<group>";
		};
		8044E3CB71FAAEEA14091F08 /* Pods */ = {
			isa = PBXGroup;
			children = (
				CC61BB155FFE8FE24FA32C81 /* Pods-PolyRides.debug.xcconfig */,
				2241301BA6D0CFD44D162D7E /* Pods-PolyRides.release.xcconfig */,
			);
			name = Pods;
			sourceTree = "<group>";
		};
		DB4151021C9B05240062E5A0 /* Rides */ = {
			isa = PBXGroup;
			children = (
				DB4151031C9B05340062E5A0 /* AddRideViewController.swift */,
				DBBBD1381C9DC4D90085E3B9 /* AutocompleteViewController.swift */,
				DB4150FF1C9A74500062E5A0 /* RidesViewController.swift */,
			);
			name = Rides;
			sourceTree = "<group>";
		};
		DB70B8C11C9389EA0065CC4D = {
			isa = PBXGroup;
			children = (
				DB70B8CC1C9389EA0065CC4D /* PolyRides */,
				DB70B8E11C9389EA0065CC4D /* PolyRidesTests */,
				DB70B8EC1C9389EA0065CC4D /* PolyRidesUITests */,
				DB70B8CB1C9389EA0065CC4D /* Products */,
				8044E3CB71FAAEEA14091F08 /* Pods */,
				0D09E705A1F8EBAED514426C /* Frameworks */,
			);
			sourceTree = "<group>";
		};
		DB70B8CB1C9389EA0065CC4D /* Products */ = {
			isa = PBXGroup;
			children = (
				DB70B8CA1C9389EA0065CC4D /* PolyRides.app */,
				DB70B8DE1C9389EA0065CC4D /* PolyRidesTests.xctest */,
				DB70B8E91C9389EA0065CC4D /* PolyRidesUITests.xctest */,
			);
			path = Products;
			sourceTree = "<group>";
		};
		DB70B8CC1C9389EA0065CC4D /* PolyRides */ = {
			isa = PBXGroup;
			children = (
				DBAB56811C9693930011167A /* Util */,
				DB70B8FC1C938A000065CC4D /* Model */,
				DB70B8FD1C938A090065CC4D /* View */,
				DB70B8FB1C9389F10065CC4D /* Controller */,
				DB70B8FE1C938A1B0065CC4D /* Supporting Files */,
			);
			path = PolyRides;
			sourceTree = "<group>";
		};
		DB70B8E11C9389EA0065CC4D /* PolyRidesTests */ = {
			isa = PBXGroup;
			children = (
				DB70B8E41C9389EA0065CC4D /* Info.plist */,
				DB70B8E21C9389EA0065CC4D /* PolyRidesTests.swift */,
			);
			path = PolyRidesTests;
			sourceTree = "<group>";
		};
		DB70B8EC1C9389EA0065CC4D /* PolyRidesUITests */ = {
			isa = PBXGroup;
			children = (
				DB70B8EF1C9389EA0065CC4D /* Info.plist */,
				DB70B8ED1C9389EA0065CC4D /* PolyRidesUITests.swift */,
			);
			path = PolyRidesUITests;
			sourceTree = "<group>";
		};
		DB70B8FB1C9389F10065CC4D /* Controller */ = {
			isa = PBXGroup;
			children = (
				DB70B8CD1C9389EA0065CC4D /* AppDelegate.swift */,
				DBAB56891C96BC1C0011167A /* Extensions */,
				DBAB56841C96B0AB0011167A /* Login */,
				DBAB56851C96B0C20011167A /* Main */,
			);
			path = Controller;
			sourceTree = "<group>";
		};
		DB70B8FC1C938A000065CC4D /* Model */ = {
			isa = PBXGroup;
			children = (
				DB70B9011C938B230065CC4D /* User.swift */,
			);
			path = Model;
			sourceTree = "<group>";
		};
		DB70B8FD1C938A090065CC4D /* View */ = {
			isa = PBXGroup;
			children = (
				DB70B9031C938CDC0065CC4D /* LaunchScreen.storyboard */,
				DB70B9041C938CDC0065CC4D /* Login.storyboard */,
				DBAB56901C96C5270011167A /* Main.storyboard */,
				DB747AB41C98D74F00A24F58 /* Tabs */,
			);
			path = View;
			sourceTree = "<group>";
		};
		DB70B8FE1C938A1B0065CC4D /* Supporting Files */ = {
			isa = PBXGroup;
			children = (
				DB70B8D41C9389EA0065CC4D /* Assets.xcassets */,
				DB70B9091C938F870065CC4D /* PolyRides-Bridging-Header.h */,
				DB70B9071C938F540065CC4D /* GoogleService-Info.plist */,
				DB70B8D91C9389EA0065CC4D /* Info.plist */,
			);
			path = "Supporting Files";
			sourceTree = "<group>";
		};
		DB747AB41C98D74F00A24F58 /* Tabs */ = {
			isa = PBXGroup;
			children = (
				DBBBD1361C9DBC720085E3B9 /* Autocomplete.storyboard */,
				DB747AB21C98D28A00A24F58 /* Search.storyboard */,
				DB747AB51C98D76900A24F58 /* Rides.storyboard */,
				DB747AB71C98D79500A24F58 /* Messages.storyboard */,
				DB747AB91C98D79E00A24F58 /* Profile.storyboard */,
			);
			name = Tabs;
			sourceTree = "<group>";
		};
		DBAB56811C9693930011167A /* Util */ = {
			isa = PBXGroup;
			children = (
				DBB1558B1C9B76C500118F89 /* DateHelper.swift */,
				DB956DD71C96833700809B4C /* FirebaseConnection.swift */,
				DBF5E6DA1C93A66600693807 /* GoogleAnalyticsHelper.swift */,
				DBBBD1341C9DB6940085E3B9 /* AutocompleteHelper.swift */,
			);
			name = Util;
			sourceTree = "<group>";
		};
		DBAB56841C96B0AB0011167A /* Login */ = {
			isa = PBXGroup;
			children = (
				DBAB56921C96C6300011167A /* LoginViewController.swift */,
				DB70B8CF1C9389EA0065CC4D /* MainLoginViewController.swift */,
				DBF5E6EF1C963D3A00693807 /* ResetPasswordViewController.swift */,
				DBF5E6F11C963D6400693807 /* CreateAccountViewController.swift */,
				DBF5E6F41C96719400693807 /* EmailAccountViewController.swift */,
			);
			name = Login;
			sourceTree = "<group>";
		};
		DBAB56851C96B0C20011167A /* Main */ = {
			isa = PBXGroup;
			children = (
				DB747ABB1C98DB2D00A24F58 /* TabBarController.swift */,
				DBAB56861C96B0F10011167A /* SearchTableViewController.swift */,
				DB4151021C9B05240062E5A0 /* Rides */,
			);
			name = Main;
			sourceTree = "<group>";
		};
		DBAB56891C96BC1C0011167A /* Extensions */ = {
			isa = PBXGroup;
			children = (
				DBAB567F1C968FAA0011167A /* UIViewControllerExtensions.swift */,
				DBAB56941C9738870011167A /* UITextFieldExtensions.swift */,
			);
			name = Extensions;
			sourceTree = "<group>";
		};
/* End PBXGroup section */

/* Begin PBXNativeTarget section */
		DB70B8C91C9389EA0065CC4D /* PolyRides */ = {
			isa = PBXNativeTarget;
			buildConfigurationList = DB70B8F21C9389EA0065CC4D /* Build configuration list for PBXNativeTarget "PolyRides" */;
			buildPhases = (
				3C0B81416A1B531601CE3E3B /* Check Pods Manifest.lock */,
				DB70B8C61C9389EA0065CC4D /* Sources */,
				DB70B8C71C9389EA0065CC4D /* Frameworks */,
				DB70B8C81C9389EA0065CC4D /* Resources */,
				5D9F5B583749EC6382981DA0 /* Embed Pods Frameworks */,
				5CDD1A82C261E6FA8AF92F58 /* Copy Pods Resources */,
				DBF5E6D91C93A56B00693807 /* ShellScript */,
				DBF5E6DD1C93A75E00693807 /* ShellScript */,
				DB793EB61C9C981C001BB0EE /* Embed Frameworks */,
			);
			buildRules = (
			);
			dependencies = (
			);
			name = PolyRides;
			productName = PolyRides;
			productReference = DB70B8CA1C9389EA0065CC4D /* PolyRides.app */;
			productType = "com.apple.product-type.application";
		};
		DB70B8DD1C9389EA0065CC4D /* PolyRidesTests */ = {
			isa = PBXNativeTarget;
			buildConfigurationList = DB70B8F51C9389EA0065CC4D /* Build configuration list for PBXNativeTarget "PolyRidesTests" */;
			buildPhases = (
				DB70B8DA1C9389EA0065CC4D /* Sources */,
				DB70B8DB1C9389EA0065CC4D /* Frameworks */,
				DB70B8DC1C9389EA0065CC4D /* Resources */,
			);
			buildRules = (
			);
			dependencies = (
				DB70B8E01C9389EA0065CC4D /* PBXTargetDependency */,
			);
			name = PolyRidesTests;
			productName = PolyRidesTests;
			productReference = DB70B8DE1C9389EA0065CC4D /* PolyRidesTests.xctest */;
			productType = "com.apple.product-type.bundle.unit-test";
		};
		DB70B8E81C9389EA0065CC4D /* PolyRidesUITests */ = {
			isa = PBXNativeTarget;
			buildConfigurationList = DB70B8F81C9389EA0065CC4D /* Build configuration list for PBXNativeTarget "PolyRidesUITests" */;
			buildPhases = (
				DB70B8E51C9389EA0065CC4D /* Sources */,
				DB70B8E61C9389EA0065CC4D /* Frameworks */,
				DB70B8E71C9389EA0065CC4D /* Resources */,
			);
			buildRules = (
			);
			dependencies = (
				DB70B8EB1C9389EA0065CC4D /* PBXTargetDependency */,
			);
			name = PolyRidesUITests;
			productName = PolyRidesUITests;
			productReference = DB70B8E91C9389EA0065CC4D /* PolyRidesUITests.xctest */;
			productType = "com.apple.product-type.bundle.ui-testing";
		};
/* End PBXNativeTarget section */

/* Begin PBXProject section */
		DB70B8C21C9389EA0065CC4D /* Project object */ = {
			isa = PBXProject;
			attributes = {
				LastSwiftUpdateCheck = 0720;
				LastUpgradeCheck = 0720;
				ORGANIZATIONNAME = "Vanessa Forney";
				TargetAttributes = {
					DB70B8C91C9389EA0065CC4D = {
						CreatedOnToolsVersion = 7.2.1;
					};
					DB70B8DD1C9389EA0065CC4D = {
						CreatedOnToolsVersion = 7.2.1;
						TestTargetID = DB70B8C91C9389EA0065CC4D;
					};
					DB70B8E81C9389EA0065CC4D = {
						CreatedOnToolsVersion = 7.2.1;
						TestTargetID = DB70B8C91C9389EA0065CC4D;
					};
				};
			};
			buildConfigurationList = DB70B8C51C9389EA0065CC4D /* Build configuration list for PBXProject "PolyRides" */;
			compatibilityVersion = "Xcode 3.2";
			developmentRegion = English;
			hasScannedForEncodings = 0;
			knownRegions = (
				en,
				Base,
			);
			mainGroup = DB70B8C11C9389EA0065CC4D;
			productRefGroup = DB70B8CB1C9389EA0065CC4D /* Products */;
			projectDirPath = "";
			projectRoot = "";
			targets = (
				DB70B8C91C9389EA0065CC4D /* PolyRides */,
				DB70B8DD1C9389EA0065CC4D /* PolyRidesTests */,
				DB70B8E81C9389EA0065CC4D /* PolyRidesUITests */,
			);
		};
/* End PBXProject section */

/* Begin PBXResourcesBuildPhase section */
		DB70B8C81C9389EA0065CC4D /* Resources */ = {
			isa = PBXResourcesBuildPhase;
			buildActionMask = 2147483647;
			files = (
				DB70B9061C938CDC0065CC4D /* Login.storyboard in Resources */,
				DBAB56911C96C5270011167A /* Main.storyboard in Resources */,
				DB747AB81C98D79500A24F58 /* Messages.storyboard in Resources */,
				DB70B9081C938F540065CC4D /* GoogleService-Info.plist in Resources */,
				DB747AB61C98D76900A24F58 /* Rides.storyboard in Resources */,
				DB70B8D51C9389EA0065CC4D /* Assets.xcassets in Resources */,
				DB747ABA1C98D79E00A24F58 /* Profile.storyboard in Resources */,
				DB747AB31C98D28A00A24F58 /* Search.storyboard in Resources */,
				DBBBD1371C9DBC720085E3B9 /* Autocomplete.storyboard in Resources */,
				DB70B9051C938CDC0065CC4D /* LaunchScreen.storyboard in Resources */,
			);
			runOnlyForDeploymentPostprocessing = 0;
		};
		DB70B8DC1C9389EA0065CC4D /* Resources */ = {
			isa = PBXResourcesBuildPhase;
			buildActionMask = 2147483647;
			files = (
			);
			runOnlyForDeploymentPostprocessing = 0;
		};
		DB70B8E71C9389EA0065CC4D /* Resources */ = {
			isa = PBXResourcesBuildPhase;
			buildActionMask = 2147483647;
			files = (
			);
			runOnlyForDeploymentPostprocessing = 0;
		};
/* End PBXResourcesBuildPhase section */

/* Begin PBXShellScriptBuildPhase section */
		3C0B81416A1B531601CE3E3B /* Check Pods Manifest.lock */ = {
			isa = PBXShellScriptBuildPhase;
			buildActionMask = 2147483647;
			files = (
			);
			inputPaths = (
			);
			name = "Check Pods Manifest.lock";
			outputPaths = (
			);
			runOnlyForDeploymentPostprocessing = 0;
			shellPath = /bin/sh;
			shellScript = "diff \"${PODS_ROOT}/../Podfile.lock\" \"${PODS_ROOT}/Manifest.lock\" > /dev/null\nif [[ $? != 0 ]] ; then\n    cat << EOM\nerror: The sandbox is not in sync with the Podfile.lock. Run 'pod install' or update your CocoaPods installation.\nEOM\n    exit 1\nfi\n";
			showEnvVarsInLog = 0;
		};
		5CDD1A82C261E6FA8AF92F58 /* Copy Pods Resources */ = {
			isa = PBXShellScriptBuildPhase;
			buildActionMask = 2147483647;
			files = (
			);
			inputPaths = (
			);
			name = "Copy Pods Resources";
			outputPaths = (
			);
			runOnlyForDeploymentPostprocessing = 0;
			shellPath = /bin/sh;
			shellScript = "\"${SRCROOT}/Pods/Target Support Files/Pods-PolyRides/Pods-PolyRides-resources.sh\"\n";
			showEnvVarsInLog = 0;
		};
		5D9F5B583749EC6382981DA0 /* Embed Pods Frameworks */ = {
			isa = PBXShellScriptBuildPhase;
			buildActionMask = 2147483647;
			files = (
			);
			inputPaths = (
			);
			name = "Embed Pods Frameworks";
			outputPaths = (
			);
			runOnlyForDeploymentPostprocessing = 0;
			shellPath = /bin/sh;
			shellScript = "\"${SRCROOT}/Pods/Target Support Files/Pods-PolyRides/Pods-PolyRides-frameworks.sh\"\n";
			showEnvVarsInLog = 0;
		};
		DBF5E6D91C93A56B00693807 /* ShellScript */ = {
			isa = PBXShellScriptBuildPhase;
			buildActionMask = 2147483647;
			files = (
			);
			inputPaths = (
			);
			outputPaths = (
			);
			runOnlyForDeploymentPostprocessing = 0;
			shellPath = /bin/sh;
			shellScript = "./Fabric.framework/run 0f187f10bdfba8dabd507e9e96906844939a4340 08ee6d7bbee9b4c4f3bfe07aa299cace6a3aacfd9090143f5c3dbddb2589828e";
		};
		DBF5E6DD1C93A75E00693807 /* ShellScript */ = {
			isa = PBXShellScriptBuildPhase;
			buildActionMask = 2147483647;
			files = (
			);
			inputPaths = (
			);
			outputPaths = (
			);
			runOnlyForDeploymentPostprocessing = 0;
			shellPath = /bin/sh;
			shellScript = "#echo \"BUIDLING\"\n#if which swiftlint >/dev/null; then\n#swiftlint\n#else\n#echo \"error: SwiftLint does not exist, download it from https://github.com/realm/SwiftLint\"\n#exit 1\n#fi";
		};
/* End PBXShellScriptBuildPhase section */

/* Begin PBXSourcesBuildPhase section */
		DB70B8C61C9389EA0065CC4D /* Sources */ = {
			isa = PBXSourcesBuildPhase;
			buildActionMask = 2147483647;
			files = (
				DB956DD81C96833700809B4C /* FirebaseConnection.swift in Sources */,
				DBAB56801C968FAA0011167A /* UIViewControllerExtensions.swift in Sources */,
				DB4151041C9B05340062E5A0 /* AddRideViewController.swift in Sources */,
				DBF5E6F21C963D6400693807 /* CreateAccountViewController.swift in Sources */,
				DBAB56951C9738870011167A /* UITextFieldExtensions.swift in Sources */,
				DBF5E6F51C96719400693807 /* EmailAccountViewController.swift in Sources */,
				DB70B8D01C9389EA0065CC4D /* MainLoginViewController.swift in Sources */,
				DBF5E6F01C963D3A00693807 /* ResetPasswordViewController.swift in Sources */,
				DBAB56871C96B0F10011167A /* SearchTableViewController.swift in Sources */,
				DBB1558C1C9B76C500118F89 /* DateHelper.swift in Sources */,
				DB70B8CE1C9389EA0065CC4D /* AppDelegate.swift in Sources */,
				DBBBD1351C9DB6940085E3B9 /* AutocompleteHelper.swift in Sources */,
				DB70B9021C938B230065CC4D /* User.swift in Sources */,
				DB747ABC1C98DB2D00A24F58 /* TabBarController.swift in Sources */,
				DBAB56931C96C6300011167A /* LoginViewController.swift in Sources */,
				DB4151001C9A74500062E5A0 /* RidesViewController.swift in Sources */,
				DBBBD1391C9DC4D90085E3B9 /* AutocompleteViewController.swift in Sources */,
				DBF5E6DB1C93A66600693807 /* GoogleAnalyticsHelper.swift in Sources */,
			);
			runOnlyForDeploymentPostprocessing = 0;
		};
		DB70B8DA1C9389EA0065CC4D /* Sources */ = {
			isa = PBXSourcesBuildPhase;
			buildActionMask = 2147483647;
			files = (
				DB70B8E31C9389EA0065CC4D /* PolyRidesTests.swift in Sources */,
			);
			runOnlyForDeploymentPostprocessing = 0;
		};
		DB70B8E51C9389EA0065CC4D /* Sources */ = {
			isa = PBXSourcesBuildPhase;
			buildActionMask = 2147483647;
			files = (
				DB70B8EE1C9389EA0065CC4D /* PolyRidesUITests.swift in Sources */,
			);
			runOnlyForDeploymentPostprocessing = 0;
		};
/* End PBXSourcesBuildPhase section */

/* Begin PBXTargetDependency section */
		DB70B8E01C9389EA0065CC4D /* PBXTargetDependency */ = {
			isa = PBXTargetDependency;
			target = DB70B8C91C9389EA0065CC4D /* PolyRides */;
			targetProxy = DB70B8DF1C9389EA0065CC4D /* PBXContainerItemProxy */;
		};
		DB70B8EB1C9389EA0065CC4D /* PBXTargetDependency */ = {
			isa = PBXTargetDependency;
			target = DB70B8C91C9389EA0065CC4D /* PolyRides */;
			targetProxy = DB70B8EA1C9389EA0065CC4D /* PBXContainerItemProxy */;
		};
/* End PBXTargetDependency section */

/* Begin XCBuildConfiguration section */
		DB70B8F01C9389EA0065CC4D /* Debug */ = {
			isa = XCBuildConfiguration;
			buildSettings = {
				ALWAYS_SEARCH_USER_PATHS = NO;
				CLANG_CXX_LANGUAGE_STANDARD = "gnu++0x";
				CLANG_CXX_LIBRARY = "libc++";
				CLANG_ENABLE_MODULES = YES;
				CLANG_ENABLE_OBJC_ARC = YES;
				CLANG_WARN_BOOL_CONVERSION = YES;
				CLANG_WARN_CONSTANT_CONVERSION = YES;
				CLANG_WARN_DIRECT_OBJC_ISA_USAGE = YES_ERROR;
				CLANG_WARN_EMPTY_BODY = YES;
				CLANG_WARN_ENUM_CONVERSION = YES;
				CLANG_WARN_INT_CONVERSION = YES;
				CLANG_WARN_OBJC_ROOT_CLASS = YES_ERROR;
				CLANG_WARN_UNREACHABLE_CODE = YES;
				CLANG_WARN__DUPLICATE_METHOD_MATCH = YES;
				"CODE_SIGN_IDENTITY[sdk=iphoneos*]" = "iPhone Developer";
				COPY_PHASE_STRIP = NO;
				DEBUG_INFORMATION_FORMAT = dwarf;
				ENABLE_STRICT_OBJC_MSGSEND = YES;
				ENABLE_TESTABILITY = YES;
				GCC_C_LANGUAGE_STANDARD = gnu99;
				GCC_DYNAMIC_NO_PIC = NO;
				GCC_NO_COMMON_BLOCKS = YES;
				GCC_OPTIMIZATION_LEVEL = 0;
				GCC_PREPROCESSOR_DEFINITIONS = (
					"DEBUG=1",
					"$(inherited)",
				);
				GCC_WARN_64_TO_32_BIT_CONVERSION = YES;
				GCC_WARN_ABOUT_RETURN_TYPE = YES_ERROR;
				GCC_WARN_UNDECLARED_SELECTOR = YES;
				GCC_WARN_UNINITIALIZED_AUTOS = YES_AGGRESSIVE;
				GCC_WARN_UNUSED_FUNCTION = YES;
				GCC_WARN_UNUSED_VARIABLE = YES;
				IPHONEOS_DEPLOYMENT_TARGET = 9.2;
				MTL_ENABLE_DEBUG_INFO = YES;
				ONLY_ACTIVE_ARCH = YES;
				SDKROOT = iphoneos;
				SWIFT_OPTIMIZATION_LEVEL = "-Onone";
				TARGETED_DEVICE_FAMILY = "1,2";
			};
			name = Debug;
		};
		DB70B8F11C9389EA0065CC4D /* Release */ = {
			isa = XCBuildConfiguration;
			buildSettings = {
				ALWAYS_SEARCH_USER_PATHS = NO;
				CLANG_CXX_LANGUAGE_STANDARD = "gnu++0x";
				CLANG_CXX_LIBRARY = "libc++";
				CLANG_ENABLE_MODULES = YES;
				CLANG_ENABLE_OBJC_ARC = YES;
				CLANG_WARN_BOOL_CONVERSION = YES;
				CLANG_WARN_CONSTANT_CONVERSION = YES;
				CLANG_WARN_DIRECT_OBJC_ISA_USAGE = YES_ERROR;
				CLANG_WARN_EMPTY_BODY = YES;
				CLANG_WARN_ENUM_CONVERSION = YES;
				CLANG_WARN_INT_CONVERSION = YES;
				CLANG_WARN_OBJC_ROOT_CLASS = YES_ERROR;
				CLANG_WARN_UNREACHABLE_CODE = YES;
				CLANG_WARN__DUPLICATE_METHOD_MATCH = YES;
				"CODE_SIGN_IDENTITY[sdk=iphoneos*]" = "iPhone Developer";
				COPY_PHASE_STRIP = NO;
				DEBUG_INFORMATION_FORMAT = "dwarf-with-dsym";
				ENABLE_NS_ASSERTIONS = NO;
				ENABLE_STRICT_OBJC_MSGSEND = YES;
				GCC_C_LANGUAGE_STANDARD = gnu99;
				GCC_NO_COMMON_BLOCKS = YES;
				GCC_WARN_64_TO_32_BIT_CONVERSION = YES;
				GCC_WARN_ABOUT_RETURN_TYPE = YES_ERROR;
				GCC_WARN_UNDECLARED_SELECTOR = YES;
				GCC_WARN_UNINITIALIZED_AUTOS = YES_AGGRESSIVE;
				GCC_WARN_UNUSED_FUNCTION = YES;
				GCC_WARN_UNUSED_VARIABLE = YES;
				IPHONEOS_DEPLOYMENT_TARGET = 9.2;
				MTL_ENABLE_DEBUG_INFO = NO;
				SDKROOT = iphoneos;
				TARGETED_DEVICE_FAMILY = "1,2";
				VALIDATE_PRODUCT = YES;
			};
			name = Release;
		};
		DB70B8F31C9389EA0065CC4D /* Debug */ = {
			isa = XCBuildConfiguration;
			baseConfigurationReference = CC61BB155FFE8FE24FA32C81 /* Pods-PolyRides.debug.xcconfig */;
			buildSettings = {
				ASSETCATALOG_COMPILER_APPICON_NAME = AppIcon;
				CLANG_ENABLE_MODULES = YES;
				DEBUG_INFORMATION_FORMAT = "dwarf-with-dsym";
				EMBEDDED_CONTENT_CONTAINS_SWIFT = YES;
				ENABLE_BITCODE = NO;
				INFOPLIST_FILE = "PolyRides/Supporting Files/Info.plist";
				IPHONEOS_DEPLOYMENT_TARGET = 9.0;
				LD_RUNPATH_SEARCH_PATHS = "$(inherited) @executable_path/Frameworks";
				PRODUCT_BUNDLE_IDENTIFIER = com.Vanessa.PolyRides;
				PRODUCT_NAME = "$(TARGET_NAME)";
				SWIFT_OBJC_BRIDGING_HEADER = "PolyRides/Model/PolyRides-Bridging-Header.h";
				SWIFT_OPTIMIZATION_LEVEL = "-Onone";
				TARGETED_DEVICE_FAMILY = "1,2";
			};
			name = Debug;
		};
		DB70B8F41C9389EA0065CC4D /* Release */ = {
			isa = XCBuildConfiguration;
			baseConfigurationReference = 2241301BA6D0CFD44D162D7E /* Pods-PolyRides.release.xcconfig */;
			buildSettings = {
				ASSETCATALOG_COMPILER_APPICON_NAME = AppIcon;
				CLANG_ENABLE_MODULES = YES;
				EMBEDDED_CONTENT_CONTAINS_SWIFT = YES;
				ENABLE_BITCODE = NO;
				INFOPLIST_FILE = "PolyRides/Supporting Files/Info.plist";
				IPHONEOS_DEPLOYMENT_TARGET = 9.0;
				LD_RUNPATH_SEARCH_PATHS = "$(inherited) @executable_path/Frameworks";
				PRODUCT_BUNDLE_IDENTIFIER = com.Vanessa.PolyRides;
				PRODUCT_NAME = "$(TARGET_NAME)";
				SWIFT_OBJC_BRIDGING_HEADER = "PolyRides/Model/PolyRides-Bridging-Header.h";
				TARGETED_DEVICE_FAMILY = "1,2";
			};
			name = Release;
		};
		DB70B8F61C9389EA0065CC4D /* Debug */ = {
			isa = XCBuildConfiguration;
			buildSettings = {
				BUNDLE_LOADER = "$(TEST_HOST)";
				INFOPLIST_FILE = PolyRidesTests/Info.plist;
				LD_RUNPATH_SEARCH_PATHS = "$(inherited) @executable_path/Frameworks @loader_path/Frameworks";
				PRODUCT_BUNDLE_IDENTIFIER = com.Vanessa.PolyRidesTests;
				PRODUCT_NAME = "$(TARGET_NAME)";
				TEST_HOST = "$(BUILT_PRODUCTS_DIR)/PolyRides.app/PolyRides";
			};
			name = Debug;
		};
		DB70B8F71C9389EA0065CC4D /* Release */ = {
			isa = XCBuildConfiguration;
			buildSettings = {
				BUNDLE_LOADER = "$(TEST_HOST)";
				INFOPLIST_FILE = PolyRidesTests/Info.plist;
				LD_RUNPATH_SEARCH_PATHS = "$(inherited) @executable_path/Frameworks @loader_path/Frameworks";
				PRODUCT_BUNDLE_IDENTIFIER = com.Vanessa.PolyRidesTests;
				PRODUCT_NAME = "$(TARGET_NAME)";
				TEST_HOST = "$(BUILT_PRODUCTS_DIR)/PolyRides.app/PolyRides";
			};
			name = Release;
		};
		DB70B8F91C9389EA0065CC4D /* Debug */ = {
			isa = XCBuildConfiguration;
			buildSettings = {
				INFOPLIST_FILE = PolyRidesUITests/Info.plist;
				LD_RUNPATH_SEARCH_PATHS = "$(inherited) @executable_path/Frameworks @loader_path/Frameworks";
				PRODUCT_BUNDLE_IDENTIFIER = com.Vanessa.PolyRidesUITests;
				PRODUCT_NAME = "$(TARGET_NAME)";
				TEST_TARGET_NAME = PolyRides;
				USES_XCTRUNNER = YES;
			};
			name = Debug;
		};
		DB70B8FA1C9389EA0065CC4D /* Release */ = {
			isa = XCBuildConfiguration;
			buildSettings = {
				INFOPLIST_FILE = PolyRidesUITests/Info.plist;
				LD_RUNPATH_SEARCH_PATHS = "$(inherited) @executable_path/Frameworks @loader_path/Frameworks";
				PRODUCT_BUNDLE_IDENTIFIER = com.Vanessa.PolyRidesUITests;
				PRODUCT_NAME = "$(TARGET_NAME)";
				TEST_TARGET_NAME = PolyRides;
				USES_XCTRUNNER = YES;
			};
			name = Release;
		};
/* End XCBuildConfiguration section */

/* Begin XCConfigurationList section */
		DB70B8C51C9389EA0065CC4D /* Build configuration list for PBXProject "PolyRides" */ = {
			isa = XCConfigurationList;
			buildConfigurations = (
				DB70B8F01C9389EA0065CC4D /* Debug */,
				DB70B8F11C9389EA0065CC4D /* Release */,
			);
			defaultConfigurationIsVisible = 0;
			defaultConfigurationName = Release;
		};
		DB70B8F21C9389EA0065CC4D /* Build configuration list for PBXNativeTarget "PolyRides" */ = {
			isa = XCConfigurationList;
			buildConfigurations = (
				DB70B8F31C9389EA0065CC4D /* Debug */,
				DB70B8F41C9389EA0065CC4D /* Release */,
			);
			defaultConfigurationIsVisible = 0;
			defaultConfigurationName = Release;
		};
		DB70B8F51C9389EA0065CC4D /* Build configuration list for PBXNativeTarget "PolyRidesTests" */ = {
			isa = XCConfigurationList;
			buildConfigurations = (
				DB70B8F61C9389EA0065CC4D /* Debug */,
				DB70B8F71C9389EA0065CC4D /* Release */,
			);
			defaultConfigurationIsVisible = 0;
			defaultConfigurationName = Release;
		};
		DB70B8F81C9389EA0065CC4D /* Build configuration list for PBXNativeTarget "PolyRidesUITests" */ = {
			isa = XCConfigurationList;
			buildConfigurations = (
				DB70B8F91C9389EA0065CC4D /* Debug */,
				DB70B8FA1C9389EA0065CC4D /* Release */,
			);
			defaultConfigurationIsVisible = 0;
			defaultConfigurationName = Release;
		};
/* End XCConfigurationList section */
	};
	rootObject = DB70B8C21C9389EA0065CC4D /* Project object */;
}
